
Microsoft Visual Studio Solution File, Format Version 12.00
# Visual Studio Version 17
VisualStudioVersion = 17.3.32922.545
MinimumVisualStudioVersion = 10.0.40219.1
Project("{FAE04EC0-301F-11D3-BF4B-00C04F79EFBC}") = "Crutoi_Alexandru_Lab2", "Crutoi_Alexandru_Lab2.csproj", "{8ADE1E0A-FAD6-43E0-A6A5-09FDF2B87E98}"
EndProject
Global
	GlobalSection(SolutionConfigurationPlatforms) = preSolution
		Debug|Any CPU = Debug|Any CPU
		Release|Any CPU = Release|Any CPU
	EndGlobalSection
	GlobalSection(ProjectConfigurationPlatforms) = postSolution
		{8ADE1E0A-FAD6-43E0-A6A5-09FDF2B87E98}.Debug|Any CPU.ActiveCfg = Debug|Any CPU
		{8ADE1E0A-FAD6-43E0-A6A5-09FDF2B87E98}.Debug|Any CPU.Build.0 = Debug|Any CPU
		{8ADE1E0A-FAD6-43E0-A6A5-09FDF2B87E98}.Release|Any CPU.ActiveCfg = Release|Any CPU
		{8ADE1E0A-FAD6-43E0-A6A5-09FDF2B87E98}.Release|Any CPU.Build.0 = Release|Any CPU
	EndGlobalSection
	GlobalSection(SolutionProperties) = preSolution
		HideSolutionNode = FALSE
	EndGlobalSection
	GlobalSection(ExtensibilityGlobals) = postSolution
		SolutionGuid = {AD43F220-C3A8-486C-99CC-4A196D8098DE}
	EndGlobalSection
EndGlobal
